{
  "name": "@tsharp/ng-component-hierarchy-visualizer",
  "version": "1.0.7",
  "lockfileVersion": 3,
  "requires": true,
  "packages": {
    "": {
      "name": "@tsharp/ng-component-hierarchy-visualizer",
      "version": "1.0.7",
      "license": "MIT",
      "bin": {
        "generate-hierarchy": "scripts/generate.js"
      },
      "devDependencies": {}
    }
  }
}
